// !$*UTF8*$!
{
	archiveVersion = 1;
	classes = {
	};
	objectVersion = 51;
	objects = {

/* Begin PBXBuildFile section */
		393F827285678C2215257601 /* Pods_ModuloNativoiOS_ModuloNativoiOSTests.framework in Frameworks */ = {isa = PBXBuildFile; fileRef = A6D0AA6AF389BA7F6CBDB46E /* Pods_ModuloNativoiOS_ModuloNativoiOSTests.framework */; };
		89E2BC78A296DDEE2BBD97C9 /* Pods_ModuloNativoiOS.framework in Frameworks */ = {isa = PBXBuildFile; fileRef = 939BB29D144EE7F7F88C2016 /* Pods_ModuloNativoiOS.framework */; };
		A09316D024AFD28100C14F89 /* ModuloNativoiOS.framework in Frameworks */ = {isa = PBXBuildFile; fileRef = A09316C624AFD28100C14F89 /* ModuloNativoiOS.framework */; };
		A09316D524AFD28100C14F89 /* ModuloNativoiOSTests.swift in Sources */ = {isa = PBXBuildFile; fileRef = A09316D424AFD28100C14F89 /* ModuloNativoiOSTests.swift */; };
		A09316D724AFD28100C14F89 /* ModuloNativoiOS.h in Headers */ = {isa = PBXBuildFile; fileRef = A09316C924AFD28100C14F89 /* ModuloNativoiOS.h */; settings = {ATTRIBUTES = (Public, ); }; };
		A09316E124AFD2D800C14F89 /* TelaNativaViewController.swift in Sources */ = {isa = PBXBuildFile; fileRef = A09316E024AFD2D800C14F89 /* TelaNativaViewController.swift */; };
		A09316E324AFD2F700C14F89 /* StoryboardNativo.storyboard in Resources */ = {isa = PBXBuildFile; fileRef = A09316E224AFD2F700C14F89 /* StoryboardNativo.storyboard */; };
/* End PBXBuildFile section */

/* Begin PBXContainerItemProxy section */
		A09316D124AFD28100C14F89 /* PBXContainerItemProxy */ = {
			isa = PBXContainerItemProxy;
			containerPortal = A09316BD24AFD28100C14F89 /* Project object */;
			proxyType = 1;
			remoteGlobalIDString = A09316C524AFD28100C14F89;
			remoteInfo = ModuloNativoiOS;
		};
/* End PBXContainerItemProxy section */

/* Begin PBXFileReference section */
		2AC7DB8E37174C8688F62DB8 /* Pods-ModuloNativoiOS-ModuloNativoiOSTests.debug.xcconfig */ = {isa = PBXFileReference; includeInIndex = 1; lastKnownFileType = text.xcconfig; name = "Pods-ModuloNativoiOS-ModuloNativoiOSTests.debug.xcconfig"; path = "Target Support Files/Pods-ModuloNativoiOS-ModuloNativoiOSTests/Pods-ModuloNativoiOS-ModuloNativoiOSTests.debug.xcconfig"; sourceTree = "<group>"; };
		5EBFA1B5041D2E3FDD9C9E56 /* Pods-ModuloNativoiOS.debug.xcconfig */ = {isa = PBXFileReference; includeInIndex = 1; lastKnownFileType = text.xcconfig; name = "Pods-ModuloNativoiOS.debug.xcconfig"; path = "Target Support Files/Pods-ModuloNativoiOS/Pods-ModuloNativoiOS.debug.xcconfig"; sourceTree = "<group>"; };
		754296907D98A4EFE76673DE /* Pods-ModuloNativoiOS.release.xcconfig */ = {isa = PBXFileReference; includeInIndex = 1; lastKnownFileType = text.xcconfig; name = "Pods-ModuloNativoiOS.release.xcconfig"; path = "Target Support Files/Pods-ModuloNativoiOS/Pods-ModuloNativoiOS.release.xcconfig"; sourceTree = "<group>"; };
		939BB29D144EE7F7F88C2016 /* Pods_ModuloNativoiOS.framework */ = {isa = PBXFileReference; explicitFileType = wrapper.framework; includeInIndex = 0; path = Pods_ModuloNativoiOS.framework; sourceTree = BUILT_PRODUCTS_DIR; };
		A09316C624AFD28100C14F89 /* ModuloNativoiOS.framework */ = {isa = PBXFileReference; explicitFileType = wrapper.framework; includeInIndex = 0; path = ModuloNativoiOS.framework; sourceTree = BUILT_PRODUCTS_DIR; };
		A09316C924AFD28100C14F89 /* ModuloNativoiOS.h */ = {isa = PBXFileReference; lastKnownFileType = sourcecode.c.h; path = ModuloNativoiOS.h; sourceTree = "<group>"; };
		A09316CA24AFD28100C14F89 /* Info.plist */ = {isa = PBXFileReference; lastKnownFileType = text.plist.xml; path = Info.plist; sourceTree = "<group>"; };
		A09316CF24AFD28100C14F89 /* ModuloNativoiOSTests.xctest */ = {isa = PBXFileReference; explicitFileType = wrapper.cfbundle; includeInIndex = 0; path = ModuloNativoiOSTests.xctest; sourceTree = BUILT_PRODUCTS_DIR; };
		A09316D424AFD28100C14F89 /* ModuloNativoiOSTests.swift */ = {isa = PBXFileReference; lastKnownFileType = sourcecode.swift; path = ModuloNativoiOSTests.swift; sourceTree = "<group>"; };
		A09316D624AFD28100C14F89 /* Info.plist */ = {isa = PBXFileReference; lastKnownFileType = text.plist.xml; path = Info.plist; sourceTree = "<group>"; };
		A09316E024AFD2D800C14F89 /* TelaNativaViewController.swift */ = {isa = PBXFileReference; lastKnownFileType = sourcecode.swift; path = TelaNativaViewController.swift; sourceTree = "<group>"; };
		A09316E224AFD2F700C14F89 /* StoryboardNativo.storyboard */ = {isa = PBXFileReference; lastKnownFileType = file.storyboard; path = StoryboardNativo.storyboard; sourceTree = "<group>"; };
		A6D0AA6AF389BA7F6CBDB46E /* Pods_ModuloNativoiOS_ModuloNativoiOSTests.framework */ = {isa = PBXFileReference; explicitFileType = wrapper.framework; includeInIndex = 0; path = Pods_ModuloNativoiOS_ModuloNativoiOSTests.framework; sourceTree = BUILT_PRODUCTS_DIR; };
		BF7BE754FF80A59D5314254D /* Pods-ModuloNativoiOS-ModuloNativoiOSTests.release.xcconfig */ = {isa = PBXFileReference; includeInIndex = 1; lastKnownFileType = text.xcconfig; name = "Pods-ModuloNativoiOS-ModuloNativoiOSTests.release.xcconfig"; path = "Target Support Files/Pods-ModuloNativoiOS-ModuloNativoiOSTests/Pods-ModuloNativoiOS-ModuloNativoiOSTests.release.xcconfig"; sourceTree = "<group>"; };
/* End PBXFileReference section */

/* Begin PBXFrameworksBuildPhase section */
		A09316C324AFD28100C14F89 /* Frameworks */ = {
			isa = PBXFrameworksBuildPhase;
			buildActionMask = 2147483647;
			files = (
				89E2BC78A296DDEE2BBD97C9 /* Pods_ModuloNativoiOS.framework in Frameworks */,
			);
			runOnlyForDeploymentPostprocessing = 0;
		};
		A09316CC24AFD28100C14F89 /* Frameworks */ = {
			isa = PBXFrameworksBuildPhase;
			buildActionMask = 2147483647;
			files = (
				A09316D024AFD28100C14F89 /* ModuloNativoiOS.framework in Frameworks */,
				393F827285678C2215257601 /* Pods_ModuloNativoiOS_ModuloNativoiOSTests.framework in Frameworks */,
			);
			runOnlyForDeploymentPostprocessing = 0;
		};
/* End PBXFrameworksBuildPhase section */

/* Begin PBXGroup section */
		A09316BC24AFD28100C14F89 = {
			isa = PBXGroup;
			children = (
				A09316C824AFD28100C14F89 /* ModuloNativoiOS */,
				A09316D324AFD28100C14F89 /* ModuloNativoiOSTests */,
				A09316C724AFD28100C14F89 /* Products */,
				A160A84D2617FA9F1F1FBF4E /* Pods */,
				A0FF1EE8E0C1EF047E782BA3 /* Frameworks */,
			);
			sourceTree = "<group>";
		};
		A09316C724AFD28100C14F89 /* Products */ = {
			isa = PBXGroup;
			children = (
				A09316C624AFD28100C14F89 /* ModuloNativoiOS.framework */,
				A09316CF24AFD28100C14F89 /* ModuloNativoiOSTests.xctest */,
			);
			name = Products;
			sourceTree = "<group>";
		};
		A09316C824AFD28100C14F89 /* ModuloNativoiOS */ = {
			isa = PBXGroup;
			children = (
				A09316C924AFD28100C14F89 /* ModuloNativoiOS.h */,
				A09316CA24AFD28100C14F89 /* Info.plist */,
				A09316E024AFD2D800C14F89 /* TelaNativaViewController.swift */,
				A09316E224AFD2F700C14F89 /* StoryboardNativo.storyboard */,
			);
			path = ModuloNativoiOS;
			sourceTree = "<group>";
		};
		A09316D324AFD28100C14F89 /* ModuloNativoiOSTests */ = {
			isa = PBXGroup;
			children = (
				A09316D424AFD28100C14F89 /* ModuloNativoiOSTests.swift */,
				A09316D624AFD28100C14F89 /* Info.plist */,
			);
			path = ModuloNativoiOSTests;
			sourceTree = "<group>";
		};
		A0FF1EE8E0C1EF047E782BA3 /* Frameworks */ = {
			isa = PBXGroup;
			children = (
				939BB29D144EE7F7F88C2016 /* Pods_ModuloNativoiOS.framework */,
				A6D0AA6AF389BA7F6CBDB46E /* Pods_ModuloNativoiOS_ModuloNativoiOSTests.framework */,
			);
			name = Frameworks;
			sourceTree = "<group>";
		};
		A160A84D2617FA9F1F1FBF4E /* Pods */ = {
			isa = PBXGroup;
			children = (
				5EBFA1B5041D2E3FDD9C9E56 /* Pods-ModuloNativoiOS.debug.xcconfig */,
				754296907D98A4EFE76673DE /* Pods-ModuloNativoiOS.release.xcconfig */,
				2AC7DB8E37174C8688F62DB8 /* Pods-ModuloNativoiOS-ModuloNativoiOSTests.debug.xcconfig */,
				BF7BE754FF80A59D5314254D /* Pods-ModuloNativoiOS-ModuloNativoiOSTests.release.xcconfig */,
			);
			path = Pods;
			sourceTree = "<group>";
		};
/* End PBXGroup section */

/* Begin PBXHeadersBuildPhase section */
		A09316C124AFD28100C14F89 /* Headers */ = {
			isa = PBXHeadersBuildPhase;
			buildActionMask = 2147483647;
			files = (
				A09316D724AFD28100C14F89 /* ModuloNativoiOS.h in Headers */,
			);
			runOnlyForDeploymentPostprocessing = 0;
		};
/* End PBXHeadersBuildPhase section */

/* Begin PBXNativeTarget section */
		A09316C524AFD28100C14F89 /* ModuloNativoiOS */ = {
			isa = PBXNativeTarget;
			buildConfigurationList = A09316DA24AFD28100C14F89 /* Build configuration list for PBXNativeTarget "ModuloNativoiOS" */;
			buildPhases = (
				0284ED47466F09FA2514489C /* [CP] Check Pods Manifest.lock */,
				A09316C124AFD28100C14F89 /* Headers */,
				A09316C224AFD28100C14F89 /* Sources */,
				A09316C324AFD28100C14F89 /* Frameworks */,
				A09316C424AFD28100C14F89 /* Resources */,
			);
			buildRules = (
			);
			dependencies = (
			);
			name = ModuloNativoiOS;
			productName = ModuloNativoiOS;
			productReference = A09316C624AFD28100C14F89 /* ModuloNativoiOS.framework */;
			productType = "com.apple.product-type.framework";
		};
		A09316CE24AFD28100C14F89 /* ModuloNativoiOSTests */ = {
			isa = PBXNativeTarget;
			buildConfigurationList = A09316DD24AFD28100C14F89 /* Build configuration list for PBXNativeTarget "ModuloNativoiOSTests" */;
			buildPhases = (
				0971EBA0174D0A05CE4C5E6B /* [CP] Check Pods Manifest.lock */,
				A09316CB24AFD28100C14F89 /* Sources */,
				A09316CC24AFD28100C14F89 /* Frameworks */,
				A09316CD24AFD28100C14F89 /* Resources */,
				4973245555BAD8A032AFB86B /* [CP] Embed Pods Frameworks */,
			);
			buildRules = (
			);
			dependencies = (
				A09316D224AFD28100C14F89 /* PBXTargetDependency */,
			);
			name = ModuloNativoiOSTests;
			productName = ModuloNativoiOSTests;
			productReference = A09316CF24AFD28100C14F89 /* ModuloNativoiOSTests.xctest */;
			productType = "com.apple.product-type.bundle.unit-test";
		};
/* End PBXNativeTarget section */

/* Begin PBXProject section */
		A09316BD24AFD28100C14F89 /* Project object */ = {
			isa = PBXProject;
			attributes = {
				LastSwiftUpdateCheck = 1150;
				LastUpgradeCheck = 1150;
				ORGANIZATIONNAME = Lucas;
				TargetAttributes = {
					A09316C524AFD28100C14F89 = {
						CreatedOnToolsVersion = 11.5;
						LastSwiftMigration = 1150;
					};
					A09316CE24AFD28100C14F89 = {
						CreatedOnToolsVersion = 11.5;
					};
				};
			};
			buildConfigurationList = A09316C024AFD28100C14F89 /* Build configuration list for PBXProject "ModuloNativoiOS" */;
			compatibilityVersion = "Xcode 9.3";
			developmentRegion = en;
			hasScannedForEncodings = 0;
			knownRegions = (
				en,
				Base,
			);
			mainGroup = A09316BC24AFD28100C14F89;
			productRefGroup = A09316C724AFD28100C14F89 /* Products */;
			projectDirPath = "";
			projectRoot = "";
			targets = (
				A09316C524AFD28100C14F89 /* ModuloNativoiOS */,
				A09316CE24AFD28100C14F89 /* ModuloNativoiOSTests */,
			);
		};
/* End PBXProject section */

/* Begin PBXResourcesBuildPhase section */
		A09316C424AFD28100C14F89 /* Resources */ = {
			isa = PBXResourcesBuildPhase;
			buildActionMask = 2147483647;
			files = (
				A09316E324AFD2F700C14F89 /* StoryboardNativo.storyboard in Resources */,
			);
			runOnlyForDeploymentPostprocessing = 0;
		};
		A09316CD24AFD28100C14F89 /* Resources */ = {
			isa = PBXResourcesBuildPhase;
			buildActionMask = 2147483647;
			files = (
			);
			runOnlyForDeploymentPostprocessing = 0;
		};
/* End PBXResourcesBuildPhase section */

/* Begin PBXShellScriptBuildPhase section */
		0284ED47466F09FA2514489C /* [CP] Check Pods Manifest.lock */ = {
			isa = PBXShellScriptBuildPhase;
			buildActionMask = 2147483647;
			files = (
			);
			inputFileListPaths = (
			);
			inputPaths = (
				"${PODS_PODFILE_DIR_PATH}/Podfile.lock",
				"${PODS_ROOT}/Manifest.lock",
			);
			name = "[CP] Check Pods Manifest.lock";
			outputFileListPaths = (
			);
			outputPaths = (
				"$(DERIVED_FILE_DIR)/Pods-ModuloNativoiOS-checkManifestLockResult.txt",
			);
			runOnlyForDeploymentPostprocessing = 0;
			shellPath = /bin/sh;
			shellScript = "diff \"${PODS_PODFILE_DIR_PATH}/Podfile.lock\" \"${PODS_ROOT}/Manifest.lock\" > /dev/null\nif [ $? != 0 ] ; then\n    # print error to STDERR\n    echo \"error: The sandbox is not in sync with the Podfile.lock. Run 'pod install' or update your CocoaPods installation.\" >&2\n    exit 1\nfi\n# This output is used by Xcode 'outputs' to avoid re-running this script phase.\necho \"SUCCESS\" > \"${SCRIPT_OUTPUT_FILE_0}\"\n";
			showEnvVarsInLog = 0;
		};
		0971EBA0174D0A05CE4C5E6B /* [CP] Check Pods Manifest.lock */ = {
			isa = PBXShellScriptBuildPhase;
			buildActionMask = 2147483647;
			files = (
			);
			inputFileListPaths = (
			);
			inputPaths = (
				"${PODS_PODFILE_DIR_PATH}/Podfile.lock",
				"${PODS_ROOT}/Manifest.lock",
			);
			name = "[CP] Check Pods Manifest.lock";
			outputFileListPaths = (
			);
			outputPaths = (
				"$(DERIVED_FILE_DIR)/Pods-ModuloNativoiOS-ModuloNativoiOSTests-checkManifestLockResult.txt",
			);
			runOnlyForDeploymentPostprocessing = 0;
			shellPath = /bin/sh;
			shellScript = "diff \"${PODS_PODFILE_DIR_PATH}/Podfile.lock\" \"${PODS_ROOT}/Manifest.lock\" > /dev/null\nif [ $? != 0 ] ; then\n    # print error to STDERR\n    echo \"error: The sandbox is not in sync with the Podfile.lock. Run 'pod install' or update your CocoaPods installation.\" >&2\n    exit 1\nfi\n# This output is used by Xcode 'outputs' to avoid re-running this script phase.\necho \"SUCCESS\" > \"${SCRIPT_OUTPUT_FILE_0}\"\n";
			showEnvVarsInLog = 0;
		};
		4973245555BAD8A032AFB86B /* [CP] Embed Pods Frameworks */ = {
			isa = PBXShellScriptBuildPhase;
			buildActionMask = 2147483647;
			files = (
			);
			inputFileListPaths = (
				"${PODS_ROOT}/Target Support Files/Pods-ModuloNativoiOS-ModuloNativoiOSTests/Pods-ModuloNativoiOS-ModuloNativoiOSTests-frameworks-${CONFIGURATION}-input-files.xcfilelist",
			);
			name = "[CP] Embed Pods Frameworks";
			outputFileListPaths = (
				"${PODS_ROOT}/Target Support Files/Pods-ModuloNativoiOS-ModuloNativoiOSTests/Pods-ModuloNativoiOS-ModuloNativoiOSTests-frameworks-${CONFIGURATION}-output-files.xcfilelist",
			);
			runOnlyForDeploymentPostprocessing = 0;
			shellPath = /bin/sh;
			shellScript = "\"${PODS_ROOT}/Target Support Files/Pods-ModuloNativoiOS-ModuloNativoiOSTests/Pods-ModuloNativoiOS-ModuloNativoiOSTests-frameworks.sh\"\n";
			showEnvVarsInLog = 0;
		};
/* End PBXShellScriptBuildPhase section */

/* Begin PBXSourcesBuildPhase section */
		A09316C224AFD28100C14F89 /* Sources */ = {
			isa = PBXSourcesBuildPhase;
			buildActionMask = 2147483647;
			files = (
				A09316E124AFD2D800C14F89 /* TelaNativaViewController.swift in Sources */,
			);
			runOnlyForDeploymentPostprocessing = 0;
		};
		A09316CB24AFD28100C14F89 /* Sources */ = {
			isa = PBXSourcesBuildPhase;
			buildActionMask = 2147483647;
			files = (
				A09316D524AFD28100C14F89 /* ModuloNativoiOSTests.swift in Sources */,
			);
			runOnlyForDeploymentPostprocessing = 0;
		};
/* End PBXSourcesBuildPhase section */

/* Begin PBXTargetDependency section */
		A09316D224AFD28100C14F89 /* PBXTargetDependency */ = {
			isa = PBXTargetDependency;
			target = A09316C524AFD28100C14F89 /* ModuloNativoiOS */;
			targetProxy = A09316D124AFD28100C14F89 /* PBXContainerItemProxy */;
		};
/* End PBXTargetDependency section */

/* Begin XCBuildConfiguration section */
		A09316D824AFD28100C14F89 /* Debug */ = {
			isa = XCBuildConfiguration;
			buildSettings = {
				ALWAYS_SEARCH_USER_PATHS = NO;
				CLANG_ANALYZER_NONNULL = YES;
				CLANG_ANALYZER_NUMBER_OBJECT_CONVERSION = YES_AGGRESSIVE;
				CLANG_CXX_LANGUAGE_STANDARD = "gnu++14";
				CLANG_CXX_LIBRARY = "libc++";
				CLANG_ENABLE_MODULES = YES;
				CLANG_ENABLE_OBJC_ARC = YES;
				CLANG_ENABLE_OBJC_WEAK = YES;
				CLANG_WARN_BLOCK_CAPTURE_AUTORELEASING = YES;
				CLANG_WARN_BOOL_CONVERSION = YES;
				CLANG_WARN_COMMA = YES;
				CLANG_WARN_CONSTANT_CONVERSION = YES;
				CLANG_WARN_DEPRECATED_OBJC_IMPLEMENTATIONS = YES;
				CLANG_WARN_DIRECT_OBJC_ISA_USAGE = YES_ERROR;
				CLANG_WARN_DOCUMENTATION_COMMENTS = YES;
				CLANG_WARN_EMPTY_BODY = YES;
				CLANG_WARN_ENUM_CONVERSION = YES;
				CLANG_WARN_INFINITE_RECURSION = YES;
				CLANG_WARN_INT_CONVERSION = YES;
				CLANG_WARN_NON_LITERAL_NULL_CONVERSION = YES;
				CLANG_WARN_OBJC_IMPLICIT_RETAIN_SELF = YES;
				CLANG_WARN_OBJC_LITERAL_CONVERSION = YES;
				CLANG_WARN_OBJC_ROOT_CLASS = YES_ERROR;
				CLANG_WARN_RANGE_LOOP_ANALYSIS = YES;
				CLANG_WARN_STRICT_PROTOTYPES = YES;
				CLANG_WARN_SUSPICIOUS_MOVE = YES;
				CLANG_WARN_UNGUARDED_AVAILABILITY = YES_AGGRESSIVE;
				CLANG_WARN_UNREACHABLE_CODE = YES;
				CLANG_WARN__DUPLICATE_METHOD_MATCH = YES;
				COPY_PHASE_STRIP = NO;
				CURRENT_PROJECT_VERSION = 1;
				DEBUG_INFORMATION_FORMAT = dwarf;
				ENABLE_STRICT_OBJC_MSGSEND = YES;
				ENABLE_TESTABILITY = YES;
				GCC_C_LANGUAGE_STANDARD = gnu11;
				GCC_DYNAMIC_NO_PIC = NO;
				GCC_NO_COMMON_BLOCKS = YES;
				GCC_OPTIMIZATION_LEVEL = 0;
				GCC_PREPROCESSOR_DEFINITIONS = (
					"DEBUG=1",
					"$(inherited)",
				);
				GCC_WARN_64_TO_32_BIT_CONVERSION = YES;
				GCC_WARN_ABOUT_RETURN_TYPE = YES_ERROR;
				GCC_WARN_UNDECLARED_SELECTOR = YES;
				GCC_WARN_UNINITIALIZED_AUTOS = YES_AGGRESSIVE;
				GCC_WARN_UNUSED_FUNCTION = YES;
				GCC_WARN_UNUSED_VARIABLE = YES;
				IPHONEOS_DEPLOYMENT_TARGET = 13.5;
				MTL_ENABLE_DEBUG_INFO = INCLUDE_SOURCE;
				MTL_FAST_MATH = YES;
				ONLY_ACTIVE_ARCH = YES;
				SDKROOT = iphoneos;
				SWIFT_ACTIVE_COMPILATION_CONDITIONS = DEBUG;
				SWIFT_OPTIMIZATION_LEVEL = "-Onone";
				VERSIONING_SYSTEM = "apple-generic";
				VERSION_INFO_PREFIX = "";
			};
			name = Debug;
		};
		A09316D924AFD28100C14F89 /* Release */ = {
			isa = XCBuildConfiguration;
			buildSettings = {
				ALWAYS_SEARCH_USER_PATHS = NO;
				CLANG_ANALYZER_NONNULL = YES;
				CLANG_ANALYZER_NUMBER_OBJECT_CONVERSION = YES_AGGRESSIVE;
				CLANG_CXX_LANGUAGE_STANDARD = "gnu++14";
				CLANG_CXX_LIBRARY = "libc++";
				CLANG_ENABLE_MODULES = YES;
				CLANG_ENABLE_OBJC_ARC = YES;
				CLANG_ENABLE_OBJC_WEAK = YES;
				CLANG_WARN_BLOCK_CAPTURE_AUTORELEASING = YES;
				CLANG_WARN_BOOL_CONVERSION = YES;
				CLANG_WARN_COMMA = YES;
				CLANG_WARN_CONSTANT_CONVERSION = YES;
				CLANG_WARN_DEPRECATED_OBJC_IMPLEMENTATIONS = YES;
				CLANG_WARN_DIRECT_OBJC_ISA_USAGE = YES_ERROR;
				CLANG_WARN_DOCUMENTATION_COMMENTS = YES;
				CLANG_WARN_EMPTY_BODY = YES;
				CLANG_WARN_ENUM_CONVERSION = YES;
				CLANG_WARN_INFINITE_RECURSION = YES;
				CLANG_WARN_INT_CONVERSION = YES;
				CLANG_WARN_NON_LITERAL_NULL_CONVERSION = YES;
				CLANG_WARN_OBJC_IMPLICIT_RETAIN_SELF = YES;
				CLANG_WARN_OBJC_LITERAL_CONVERSION = YES;
				CLANG_WARN_OBJC_ROOT_CLASS = YES_ERROR;
				CLANG_WARN_RANGE_LOOP_ANALYSIS = YES;
				CLANG_WARN_STRICT_PROTOTYPES = YES;
				CLANG_WARN_SUSPICIOUS_MOVE = YES;
				CLANG_WARN_UNGUARDED_AVAILABILITY = YES_AGGRESSIVE;
				CLANG_WARN_UNREACHABLE_CODE = YES;
				CLANG_WARN__DUPLICATE_METHOD_MATCH = YES;
				COPY_PHASE_STRIP = NO;
				CURRENT_PROJECT_VERSION = 1;
				DEBUG_INFORMATION_FORMAT = "dwarf-with-dsym";
				ENABLE_NS_ASSERTIONS = NO;
				ENABLE_STRICT_OBJC_MSGSEND = YES;
				GCC_C_LANGUAGE_STANDARD = gnu11;
				GCC_NO_COMMON_BLOCKS = YES;
				GCC_WARN_64_TO_32_BIT_CONVERSION = YES;
				GCC_WARN_ABOUT_RETURN_TYPE = YES_ERROR;
				GCC_WARN_UNDECLARED_SELECTOR = YES;
				GCC_WARN_UNINITIALIZED_AUTOS = YES_AGGRESSIVE;
				GCC_WARN_UNUSED_FUNCTION = YES;
				GCC_WARN_UNUSED_VARIABLE = YES;
				IPHONEOS_DEPLOYMENT_TARGET = 13.5;
				MTL_ENABLE_DEBUG_INFO = NO;
				MTL_FAST_MATH = YES;
				SDKROOT = iphoneos;
				SWIFT_COMPILATION_MODE = wholemodule;
				SWIFT_OPTIMIZATION_LEVEL = "-O";
				VALIDATE_PRODUCT = YES;
				VERSIONING_SYSTEM = "apple-generic";
				VERSION_INFO_PREFIX = "";
			};
			name = Release;
		};
		A09316DB24AFD28100C14F89 /* Debug */ = {
			isa = XCBuildConfiguration;
			baseConfigurationReference = 5EBFA1B5041D2E3FDD9C9E56 /* Pods-ModuloNativoiOS.debug.xcconfig */;
			buildSettings = {
				CLANG_ENABLE_MODULES = YES;
				CODE_SIGN_STYLE = Automatic;
				DEFINES_MODULE = YES;
				DEVELOPMENT_TEAM = XCKQJC262X;
				DYLIB_COMPATIBILITY_VERSION = 1;
				DYLIB_CURRENT_VERSION = 1;
				DYLIB_INSTALL_NAME_BASE = "@rpath";
				INFOPLIST_FILE = ModuloNativoiOS/Info.plist;
				INSTALL_PATH = "$(LOCAL_LIBRARY_DIR)/Frameworks";
				IPHONEOS_DEPLOYMENT_TARGET = 10.3;
				LD_RUNPATH_SEARCH_PATHS = (
					"$(inherited)",
					"@executable_path/Frameworks",
					"@loader_path/Frameworks",
				);
				MARKETING_VERSION = 1.0.3;
				PRODUCT_BUNDLE_IDENTIFIER = com.manobray.ModuloNativoiOS;
				PRODUCT_NAME = "$(TARGET_NAME:c99extidentifier)";
				SKIP_INSTALL = YES;
				SUPPORTS_MACCATALYST = NO;
				SWIFT_OPTIMIZATION_LEVEL = "-Onone";
				SWIFT_VERSION = 5.0;
				TARGETED_DEVICE_FAMILY = 1;
			};
			name = Debug;
		};
		A09316DC24AFD28100C14F89 /* Release */ = {
			isa = XCBuildConfiguration;
			baseConfigurationReference = 754296907D98A4EFE76673DE /* Pods-ModuloNativoiOS.release.xcconfig */;
			buildSettings = {
				CLANG_ENABLE_MODULES = YES;
				CODE_SIGN_STYLE = Automatic;
				DEFINES_MODULE = YES;
				DEVELOPMENT_TEAM = XCKQJC262X;
				DYLIB_COMPATIBILITY_VERSION = 1;
				DYLIB_CURRENT_VERSION = 1;
				DYLIB_INSTALL_NAME_BASE = "@rpath";
				INFOPLIST_FILE = ModuloNativoiOS/Info.plist;
				INSTALL_PATH = "$(LOCAL_LIBRARY_DIR)/Frameworks";
				IPHONEOS_DEPLOYMENT_TARGET = 10.3;
				LD_RUNPATH_SEARCH_PATHS = (
					"$(inherited)",
					"@executable_path/Frameworks",
					"@loader_path/Frameworks",
				);
				MARKETING_VERSION = 1.0.3;
				PRODUCT_BUNDLE_IDENTIFIER = com.manobray.ModuloNativoiOS;
				PRODUCT_NAME = "$(TARGET_NAME:c99extidentifier)";
				SKIP_INSTALL = YES;
				SUPPORTS_MACCATALYST = NO;
				SWIFT_VERSION = 5.0;
				TARGETED_DEVICE_FAMILY = 1;
			};
			name = Release;
		};
		A09316DE24AFD28100C14F89 /* Debug */ = {
			isa = XCBuildConfiguration;
			baseConfigurationReference = 2AC7DB8E37174C8688F62DB8 /* Pods-ModuloNativoiOS-ModuloNativoiOSTests.debug.xcconfig */;
			buildSettings = {
				ALWAYS_EMBED_SWIFT_STANDARD_LIBRARIES = YES;
				CODE_SIGN_STYLE = Automatic;
				DEVELOPMENT_TEAM = XCKQJC262X;
				INFOPLIST_FILE = ModuloNativoiOSTests/Info.plist;
				LD_RUNPATH_SEARCH_PATHS = (
					"$(inherited)",
					"@executable_path/Frameworks",
					"@loader_path/Frameworks",
				);
				PRODUCT_BUNDLE_IDENTIFIER = com.manobray.ModuloNativoiOSTests;
				PRODUCT_NAME = "$(TARGET_NAME)";
				SWIFT_VERSION = 5.0;
				TARGETED_DEVICE_FAMILY = "1,2";
			};
			name = Debug;
		};
		A09316DF24AFD28100C14F89 /* Release */ = {
			isa = XCBuildConfiguration;
			baseConfigurationReference = BF7BE754FF80A59D5314254D /* Pods-ModuloNativoiOS-ModuloNativoiOSTests.release.xcconfig */;
			buildSettings = {
				ALWAYS_EMBED_SWIFT_STANDARD_LIBRARIES = YES;
				CODE_SIGN_STYLE = Automatic;
				DEVELOPMENT_TEAM = XCKQJC262X;
				INFOPLIST_FILE = ModuloNativoiOSTests/Info.plist;
				LD_RUNPATH_SEARCH_PATHS = (
					"$(inherited)",
					"@executable_path/Frameworks",
					"@loader_path/Frameworks",
				);
				PRODUCT_BUNDLE_IDENTIFIER = com.manobray.ModuloNativoiOSTests;
				PRODUCT_NAME = "$(TARGET_NAME)";
				SWIFT_VERSION = 5.0;
				TARGETED_DEVICE_FAMILY = "1,2";
			};
			name = Release;
		};
/* End XCBuildConfiguration section */

/* Begin XCConfigurationList section */
		A09316C024AFD28100C14F89 /* Build configuration list for PBXProject "ModuloNativoiOS" */ = {
			isa = XCConfigurationList;
			buildConfigurations = (
				A09316D824AFD28100C14F89 /* Debug */,
				A09316D924AFD28100C14F89 /* Release */,
			);
			defaultConfigurationIsVisible = 0;
			defaultConfigurationName = Release;
		};
		A09316DA24AFD28100C14F89 /* Build configuration list for PBXNativeTarget "ModuloNativoiOS" */ = {
			isa = XCConfigurationList;
			buildConfigurations = (
				A09316DB24AFD28100C14F89 /* Debug */,
				A09316DC24AFD28100C14F89 /* Release */,
			);
			defaultConfigurationIsVisible = 0;
			defaultConfigurationName = Release;
		};
		A09316DD24AFD28100C14F89 /* Build configuration list for PBXNativeTarget "ModuloNativoiOSTests" */ = {
			isa = XCConfigurationList;
			buildConfigurations = (
				A09316DE24AFD28100C14F89 /* Debug */,
				A09316DF24AFD28100C14F89 /* Release */,
			);
			defaultConfigurationIsVisible = 0;
			defaultConfigurationName = Release;
		};
/* End XCConfigurationList section */
	};
	rootObject = A09316BD24AFD28100C14F89 /* Project object */;
}
